{
  "name": "dnd-tools",
  "lockfileVersion": 3,
  "requires": true,
  "packages": {
    "": {
      "dependencies": {
        "badwords-list": "^2.0.1-4"
      }
    },
    "node_modules/badwords-list": {
      "version": "2.0.1-4",
      "resolved": "https://registry.npmjs.org/badwords-list/-/badwords-list-2.0.1-4.tgz",
      "integrity": "sha512-FxfZUp7B9yCnesNtFQS9v6PvZdxTYa14Q60JR6vhjdQdWI4naTjJIyx22JzoER8ooeT8SAAKoHLjKfCV7XgYUQ=="
    }
  }
}
